
Microsoft Visual Studio Solution File, Format Version 12.00
# Visual Studio 15
VisualStudioVersion = 15.0.27428.2011
MinimumVisualStudioVersion = 10.0.40219.1
Project("{FAE04EC0-301F-11D3-BF4B-00C04F79EFBC}") = "UI", "UI\UI.csproj", "{B68A7FD5-2F24-473C-9529-6223BC325CCE}"
EndProject
Project("{FAE04EC0-301F-11D3-BF4B-00C04F79EFBC}") = "DbLayer", "DbLayer\DbLayer.csproj", "{C002C8A5-2AD2-44AA-9304-7BE95AAE24D1}"
EndProject
Global
	GlobalSection(SolutionConfigurationPlatforms) = preSolution
		Debug|Any CPU = Debug|Any CPU
		Release|Any CPU = Release|Any CPU
	EndGlobalSection
	GlobalSection(ProjectConfigurationPlatforms) = postSolution
		{B68A7FD5-2F24-473C-9529-6223BC325CCE}.Debug|Any CPU.ActiveCfg = Debug|Any CPU
		{B68A7FD5-2F24-473C-9529-6223BC325CCE}.Debug|Any CPU.Build.0 = Debug|Any CPU
		{B68A7FD5-2F24-473C-9529-6223BC325CCE}.Release|Any CPU.ActiveCfg = Release|Any CPU
		{B68A7FD5-2F24-473C-9529-6223BC325CCE}.Release|Any CPU.Build.0 = Release|Any CPU
		{C002C8A5-2AD2-44AA-9304-7BE95AAE24D1}.Debug|Any CPU.ActiveCfg = Debug|Any CPU
		{C002C8A5-2AD2-44AA-9304-7BE95AAE24D1}.Debug|Any CPU.Build.0 = Debug|Any CPU
		{C002C8A5-2AD2-44AA-9304-7BE95AAE24D1}.Release|Any CPU.ActiveCfg = Release|Any CPU
		{C002C8A5-2AD2-44AA-9304-7BE95AAE24D1}.Release|Any CPU.Build.0 = Release|Any CPU
	EndGlobalSection
	GlobalSection(SolutionProperties) = preSolution
		HideSolutionNode = FALSE
	EndGlobalSection
	GlobalSection(ExtensibilityGlobals) = postSolution
		SolutionGuid = {5DDE2CC1-1DA5-4879-8105-68B4F984FB03}
	EndGlobalSection
EndGlobal
